
Microsoft Visual Studio Solution File, Format Version 12.00
# Visual Studio Version 17
VisualStudioVersion = 17.3.32929.385
MinimumVisualStudioVersion = 10.0.40219.1
Project("{8BC9CEB8-8B4A-11D0-8D11-00A0C91BC942}") = "ItStep_app_4", "ItStep_app_4.vcxproj", "{822022AF-4817-46FB-B82A-C6CA87E0C455}"
EndProject
Global
	GlobalSection(SolutionConfigurationPlatforms) = preSolution
		Debug|x64 = Debug|x64
		Debug|x86 = Debug|x86
		Release|x64 = Release|x64
		Release|x86 = Release|x86
	EndGlobalSection
	GlobalSection(ProjectConfigurationPlatforms) = postSolution
		{822022AF-4817-46FB-B82A-C6CA87E0C455}.Debug|x64.ActiveCfg = Debug|x64
		{822022AF-4817-46FB-B82A-C6CA87E0C455}.Debug|x64.Build.0 = Debug|x64
		{822022AF-4817-46FB-B82A-C6CA87E0C455}.Debug|x86.ActiveCfg = Debug|Win32
		{822022AF-4817-46FB-B82A-C6CA87E0C455}.Debug|x86.Build.0 = Debug|Win32
		{822022AF-4817-46FB-B82A-C6CA87E0C455}.Release|x64.ActiveCfg = Release|x64
		{822022AF-4817-46FB-B82A-C6CA87E0C455}.Release|x64.Build.0 = Release|x64
		{822022AF-4817-46FB-B82A-C6CA87E0C455}.Release|x86.ActiveCfg = Release|Win32
		{822022AF-4817-46FB-B82A-C6CA87E0C455}.Release|x86.Build.0 = Release|Win32
	EndGlobalSection
	GlobalSection(SolutionProperties) = preSolution
		HideSolutionNode = FALSE
	EndGlobalSection
	GlobalSection(ExtensibilityGlobals) = postSolution
		SolutionGuid = {D0D00DFD-5BA7-459A-BA70-57C5F4746F2B}
	EndGlobalSection
EndGlobal
